// !$*UTF8*$!
{
	archiveVersion = 1;
	classes = {
	};
	objectVersion = 46;
	objects = {

/* Begin PBXBuildFile section */
		3E3469DD1DCE477900B8FB01 /* Picture.swift in Sources */ = {isa = PBXBuildFile; fileRef = 3E3469DC1DCE477900B8FB01 /* Picture.swift */; };
		3E3469DF1DCE478800B8FB01 /* APIRequestManager.swift in Sources */ = {isa = PBXBuildFile; fileRef = 3E3469DE1DCE478800B8FB01 /* APIRequestManager.swift */; };
		3E927DDB1DCE42830049C811 /* AppDelegate.swift in Sources */ = {isa = PBXBuildFile; fileRef = 3E927DDA1DCE42830049C811 /* AppDelegate.swift */; };
		3E927DDD1DCE42830049C811 /* NasaViewController.swift in Sources */ = {isa = PBXBuildFile; fileRef = 3E927DDC1DCE42830049C811 /* NasaViewController.swift */; };
		3E927DE01DCE42830049C811 /* Main.storyboard in Resources */ = {isa = PBXBuildFile; fileRef = 3E927DDE1DCE42830049C811 /* Main.storyboard */; };
		3E927DE21DCE42830049C811 /* Assets.xcassets in Resources */ = {isa = PBXBuildFile; fileRef = 3E927DE11DCE42830049C811 /* Assets.xcassets */; };
		3E927DE51DCE42830049C811 /* LaunchScreen.storyboard in Resources */ = {isa = PBXBuildFile; fileRef = 3E927DE31DCE42830049C811 /* LaunchScreen.storyboard */; };
/* End PBXBuildFile section */

/* Begin PBXFileReference section */
		3E3469DC1DCE477900B8FB01 /* Picture.swift */ = {isa = PBXFileReference; fileEncoding = 4; lastKnownFileType = sourcecode.swift; path = Picture.swift; sourceTree = "<group>"; };
		3E3469DE1DCE478800B8FB01 /* APIRequestManager.swift */ = {isa = PBXFileReference; fileEncoding = 4; lastKnownFileType = sourcecode.swift; path = APIRequestManager.swift; sourceTree = "<group>"; };
		3E927DD71DCE42830049C811 /* Unit3NasaHW.app */ = {isa = PBXFileReference; explicitFileType = wrapper.application; includeInIndex = 0; path = Unit3NasaHW.app; sourceTree = BUILT_PRODUCTS_DIR; };
		3E927DDA1DCE42830049C811 /* AppDelegate.swift */ = {isa = PBXFileReference; lastKnownFileType = sourcecode.swift; path = AppDelegate.swift; sourceTree = "<group>"; };
		3E927DDC1DCE42830049C811 /* NasaViewController.swift */ = {isa = PBXFileReference; lastKnownFileType = sourcecode.swift; path = NasaViewController.swift; sourceTree = "<group>"; };
		3E927DDF1DCE42830049C811 /* Base */ = {isa = PBXFileReference; lastKnownFileType = file.storyboard; name = Base; path = Base.lproj/Main.storyboard; sourceTree = "<group>"; };
		3E927DE11DCE42830049C811 /* Assets.xcassets */ = {isa = PBXFileReference; lastKnownFileType = folder.assetcatalog; path = Assets.xcassets; sourceTree = "<group>"; };
		3E927DE41DCE42830049C811 /* Base */ = {isa = PBXFileReference; lastKnownFileType = file.storyboard; name = Base; path = Base.lproj/LaunchScreen.storyboard; sourceTree = "<group>"; };
		3E927DE61DCE42830049C811 /* Info.plist */ = {isa = PBXFileReference; lastKnownFileType = text.plist.xml; path = Info.plist; sourceTree = "<group>"; };
/* End PBXFileReference section */

/* Begin PBXFrameworksBuildPhase section */
		3E927DD41DCE42830049C811 /* Frameworks */ = {
			isa = PBXFrameworksBuildPhase;
			buildActionMask = 2147483647;
			files = (
			);
			runOnlyForDeploymentPostprocessing = 0;
		};
/* End PBXFrameworksBuildPhase section */

/* Begin PBXGroup section */
		3E927DCE1DCE42830049C811 = {
			isa = PBXGroup;
			children = (
				3E927DD91DCE42830049C811 /* Nasa */,
				3E927DD81DCE42830049C811 /* Products */,
			);
			sourceTree = "<group>";
		};
		3E927DD81DCE42830049C811 /* Products */ = {
			isa = PBXGroup;
			children = (
				3E927DD71DCE42830049C811 /* Unit3NasaHW.app */,
			);
			name = Products;
			sourceTree = "<group>";
		};
		3E927DD91DCE42830049C811 /* Nasa */ = {
			isa = PBXGroup;
			children = (
				3E927DDA1DCE42830049C811 /* AppDelegate.swift */,
				3E927DDC1DCE42830049C811 /* NasaViewController.swift */,
				3E3469DC1DCE477900B8FB01 /* Picture.swift */,
				3E3469DE1DCE478800B8FB01 /* APIRequestManager.swift */,
				3E927DDE1DCE42830049C811 /* Main.storyboard */,
				3E927DE11DCE42830049C811 /* Assets.xcassets */,
				3E927DE31DCE42830049C811 /* LaunchScreen.storyboard */,
				3E927DE61DCE42830049C811 /* Info.plist */,
			);
			path = Nasa;
			sourceTree = "<group>";
		};
/* End PBXGroup section */

/* Begin PBXNativeTarget section */
		3E927DD61DCE42830049C811 /* Unit3NasaHW */ = {
			isa = PBXNativeTarget;
			buildConfigurationList = 3E927DE91DCE42830049C811 /* Build configuration list for PBXNativeTarget "Unit3NasaHW" */;
			buildPhases = (
				3E927DD31DCE42830049C811 /* Sources */,
				3E927DD41DCE42830049C811 /* Frameworks */,
				3E927DD51DCE42830049C811 /* Resources */,
			);
			buildRules = (
			);
			dependencies = (
			);
			name = Unit3NasaHW;
			productName = Unit3NasaHW;
			productReference = 3E927DD71DCE42830049C811 /* Unit3NasaHW.app */;
			productType = "com.apple.product-type.application";
		};
/* End PBXNativeTarget section */

/* Begin PBXProject section */
		3E927DCF1DCE42830049C811 /* Project object */ = {
			isa = PBXProject;
			attributes = {
				LastSwiftUpdateCheck = 0800;
				LastUpgradeCheck = 0800;
				ORGANIZATIONNAME = "Marcel Chaucer";
				TargetAttributes = {
					3E927DD61DCE42830049C811 = {
						CreatedOnToolsVersion = 8.0;
						ProvisioningStyle = Automatic;
					};
				};
			};
			buildConfigurationList = 3E927DD21DCE42830049C811 /* Build configuration list for PBXProject "Nasa" */;
			compatibilityVersion = "Xcode 3.2";
			developmentRegion = English;
			hasScannedForEncodings = 0;
			knownRegions = (
				en,
				Base,
			);
			mainGroup = 3E927DCE1DCE42830049C811;
			productRefGroup = 3E927DD81DCE42830049C811 /* Products */;
			projectDirPath = "";
			projectRoot = "";
			targets = (
				3E927DD61DCE42830049C811 /* Unit3NasaHW */,
			);
		};
/* End PBXProject section */

/* Begin PBXResourcesBuildPhase section */
		3E927DD51DCE42830049C811 /* Resources */ = {
			isa = PBXResourcesBuildPhase;
			buildActionMask = 2147483647;
			files = (
				3E927DE51DCE42830049C811 /* LaunchScreen.storyboard in Resources */,
				3E927DE21DCE42830049C811 /* Assets.xcassets in Resources */,
				3E927DE01DCE42830049C811 /* Main.storyboard in Resources */,
			);
			runOnlyForDeploymentPostprocessing = 0;
		};
/* End PBXResourcesBuildPhase section */

/* Begin PBXSourcesBuildPhase section */
		3E927DD31DCE42830049C811 /* Sources */ = {
			isa = PBXSourcesBuildPhase;
			buildActionMask = 2147483647;
			files = (
				3E3469DF1DCE478800B8FB01 /* APIRequestManager.swift in Sources */,
				3E3469DD1DCE477900B8FB01 /* Picture.swift in Sources */,
				3E927DDD1DCE42830049C811 /* NasaViewController.swift in Sources */,
				3E927DDB1DCE42830049C811 /* AppDelegate.swift in Sources */,
			);
			runOnlyForDeploymentPostprocessing = 0;
		};
/* End PBXSourcesBuildPhase section */

/* Begin PBXVariantGroup section */
		3E927DDE1DCE42830049C811 /* Main.storyboard */ = {
			isa = PBXVariantGroup;
			children = (
				3E927DDF1DCE42830049C811 /* Base */,
			);
			name = Main.storyboard;
			sourceTree = "<group>";
		};
		3E927DE31DCE42830049C811 /* LaunchScreen.storyboard */ = {
			isa = PBXVariantGroup;
			children = (
				3E927DE41DCE42830049C811 /* Base */,
			);
			name = LaunchScreen.storyboard;
			sourceTree = "<group>";
		};
/* End PBXVariantGroup section */

/* Begin XCBuildConfiguration section */
		3E927DE71DCE42830049C811 /* Debug */ = {
			isa = XCBuildConfiguration;
			buildSettings = {
				ALWAYS_SEARCH_USER_PATHS = NO;
				CLANG_ANALYZER_NONNULL = YES;
				CLANG_CXX_LANGUAGE_STANDARD = "gnu++0x";
				CLANG_CXX_LIBRARY = "libc++";
				CLANG_ENABLE_MODULES = YES;
				CLANG_ENABLE_OBJC_ARC = YES;
				CLANG_WARN_BOOL_CONVERSION = YES;
				CLANG_WARN_CONSTANT_CONVERSION = YES;
				CLANG_WARN_DIRECT_OBJC_ISA_USAGE = YES_ERROR;
				CLANG_WARN_DOCUMENTATION_COMMENTS = YES;
				CLANG_WARN_EMPTY_BODY = YES;
				CLANG_WARN_ENUM_CONVERSION = YES;
				CLANG_WARN_INFINITE_RECURSION = YES;
				CLANG_WARN_INT_CONVERSION = YES;
				CLANG_WARN_OBJC_ROOT_CLASS = YES_ERROR;
				CLANG_WARN_SUSPICIOUS_MOVES = YES;
				CLANG_WARN_UNREACHABLE_CODE = YES;
				CLANG_WARN__DUPLICATE_METHOD_MATCH = YES;
				"CODE_SIGN_IDENTITY[sdk=iphoneos*]" = "iPhone Developer";
				COPY_PHASE_STRIP = NO;
				DEBUG_INFORMATION_FORMAT = dwarf;
				ENABLE_STRICT_OBJC_MSGSEND = YES;
				ENABLE_TESTABILITY = YES;
				GCC_C_LANGUAGE_STANDARD = gnu99;
				GCC_DYNAMIC_NO_PIC = NO;
				GCC_NO_COMMON_BLOCKS = YES;
				GCC_OPTIMIZATION_LEVEL = 0;
				GCC_PREPROCESSOR_DEFINITIONS = (
					"DEBUG=1",
					"$(inherited)",
				);
				GCC_WARN_64_TO_32_BIT_CONVERSION = YES;
				GCC_WARN_ABOUT_RETURN_TYPE = YES_ERROR;
				GCC_WARN_UNDECLARED_SELECTOR = YES;
				GCC_WARN_UNINITIALIZED_AUTOS = YES_AGGRESSIVE;
				GCC_WARN_UNUSED_FUNCTION = YES;
				GCC_WARN_UNUSED_VARIABLE = YES;
				IPHONEOS_DEPLOYMENT_TARGET = 10.0;
				MTL_ENABLE_DEBUG_INFO = YES;
				ONLY_ACTIVE_ARCH = YES;
				SDKROOT = iphoneos;
				SWIFT_ACTIVE_COMPILATION_CONDITIONS = DEBUG;
				SWIFT_OPTIMIZATION_LEVEL = "-Onone";
				TARGETED_DEVICE_FAMILY = "1,2";
			};
			name = Debug;
		};
		3E927DE81DCE42830049C811 /* Release */ = {
			isa = XCBuildConfiguration;
			buildSettings = {
				ALWAYS_SEARCH_USER_PATHS = NO;
				CLANG_ANALYZER_NONNULL = YES;
				CLANG_CXX_LANGUAGE_STANDARD = "gnu++0x";
				CLANG_CXX_LIBRARY = "libc++";
				CLANG_ENABLE_MODULES = YES;
				CLANG_ENABLE_OBJC_ARC = YES;
				CLANG_WARN_BOOL_CONVERSION = YES;
				CLANG_WARN_CONSTANT_CONVERSION = YES;
				CLANG_WARN_DIRECT_OBJC_ISA_USAGE = YES_ERROR;
				CLANG_WARN_DOCUMENTATION_COMMENTS = YES;
				CLANG_WARN_EMPTY_BODY = YES;
				CLANG_WARN_ENUM_CONVERSION = YES;
				CLANG_WARN_INFINITE_RECURSION = YES;
				CLANG_WARN_INT_CONVERSION = YES;
				CLANG_WARN_OBJC_ROOT_CLASS = YES_ERROR;
				CLANG_WARN_SUSPICIOUS_MOVES = YES;
				CLANG_WARN_UNREACHABLE_CODE = YES;
				CLANG_WARN__DUPLICATE_METHOD_MATCH = YES;
				"CODE_SIGN_IDENTITY[sdk=iphoneos*]" = "iPhone Developer";
				COPY_PHASE_STRIP = NO;
				DEBUG_INFORMATION_FORMAT = "dwarf-with-dsym";
				ENABLE_NS_ASSERTIONS = NO;
				ENABLE_STRICT_OBJC_MSGSEND = YES;
				GCC_C_LANGUAGE_STANDARD = gnu99;
				GCC_NO_COMMON_BLOCKS = YES;
				GCC_WARN_64_TO_32_BIT_CONVERSION = YES;
				GCC_WARN_ABOUT_RETURN_TYPE = YES_ERROR;
				GCC_WARN_UNDECLARED_SELECTOR = YES;
				GCC_WARN_UNINITIALIZED_AUTOS = YES_AGGRESSIVE;
				GCC_WARN_UNUSED_FUNCTION = YES;
				GCC_WARN_UNUSED_VARIABLE = YES;
				IPHONEOS_DEPLOYMENT_TARGET = 10.0;
				MTL_ENABLE_DEBUG_INFO = NO;
				SDKROOT = iphoneos;
				SWIFT_OPTIMIZATION_LEVEL = "-Owholemodule";
				TARGETED_DEVICE_FAMILY = "1,2";
				VALIDATE_PRODUCT = YES;
			};
			name = Release;
		};
		3E927DEA1DCE42830049C811 /* Debug */ = {
			isa = XCBuildConfiguration;
			buildSettings = {
				ASSETCATALOG_COMPILER_APPICON_NAME = AppIcon;
				INFOPLIST_FILE = Unit3NasaHW/Info.plist;
				LD_RUNPATH_SEARCH_PATHS = "$(inherited) @executable_path/Frameworks";
				PRODUCT_BUNDLE_IDENTIFIER = nyc.c4q.marcelchaucer.Unit3NasaHW;
				PRODUCT_NAME = "$(TARGET_NAME)";
				SWIFT_VERSION = 3.0;
			};
			name = Debug;
		};
		3E927DEB1DCE42830049C811 /* Release */ = {
			isa = XCBuildConfiguration;
			buildSettings = {
				ASSETCATALOG_COMPILER_APPICON_NAME = AppIcon;
				INFOPLIST_FILE = Unit3NasaHW/Info.plist;
				LD_RUNPATH_SEARCH_PATHS = "$(inherited) @executable_path/Frameworks";
				PRODUCT_BUNDLE_IDENTIFIER = nyc.c4q.marcelchaucer.Unit3NasaHW;
				PRODUCT_NAME = "$(TARGET_NAME)";
				SWIFT_VERSION = 3.0;
			};
			name = Release;
		};
/* End XCBuildConfiguration section */

/* Begin XCConfigurationList section */
		3E927DD21DCE42830049C811 /* Build configuration list for PBXProject "Nasa" */ = {
			isa = XCConfigurationList;
			buildConfigurations = (
				3E927DE71DCE42830049C811 /* Debug */,
				3E927DE81DCE42830049C811 /* Release */,
			);
			defaultConfigurationIsVisible = 0;
			defaultConfigurationName = Release;
		};
		3E927DE91DCE42830049C811 /* Build configuration list for PBXNativeTarget "Unit3NasaHW" */ = {
			isa = XCConfigurationList;
			buildConfigurations = (
				3E927DEA1DCE42830049C811 /* Debug */,
				3E927DEB1DCE42830049C811 /* Release */,
			);
			defaultConfigurationIsVisible = 0;
			defaultConfigurationName = Release;
		};
/* End XCConfigurationList section */
	};
	rootObject = 3E927DCF1DCE42830049C811 /* Project object */;
}
