// !$*UTF8*$!
{
	archiveVersion = 1;
	classes = {
	};
	objectVersion = 46;
	objects = {

/* Begin PBXBuildFile section */
		4B8829AF1DCE284300950887 /* AppDelegate.swift in Sources */ = {isa = PBXBuildFile; fileRef = 4B8829AE1DCE284300950887 /* AppDelegate.swift */; };
		4B8829B11DCE284300950887 /* ViewController.swift in Sources */ = {isa = PBXBuildFile; fileRef = 4B8829B01DCE284300950887 /* ViewController.swift */; };
		4B8829B41DCE284300950887 /* Main.storyboard in Resources */ = {isa = PBXBuildFile; fileRef = 4B8829B21DCE284300950887 /* Main.storyboard */; };
		4B8829B61DCE284300950887 /* Assets.xcassets in Resources */ = {isa = PBXBuildFile; fileRef = 4B8829B51DCE284300950887 /* Assets.xcassets */; };
		4B8829B91DCE284300950887 /* LaunchScreen.storyboard in Resources */ = {isa = PBXBuildFile; fileRef = 4B8829B71DCE284300950887 /* LaunchScreen.storyboard */; };
		4B8829C51DCE34D700950887 /* Apod.swift in Sources */ = {isa = PBXBuildFile; fileRef = 4B8829C41DCE34D700950887 /* Apod.swift */; };
		4B8829C71DCE46A700950887 /* APIRequestManager.swift in Sources */ = {isa = PBXBuildFile; fileRef = 4B8829C61DCE46A700950887 /* APIRequestManager.swift */; };
/* End PBXBuildFile section */

/* Begin PBXFileReference section */
		4B8829AB1DCE284300950887 /* NasaApod.app */ = {isa = PBXFileReference; explicitFileType = wrapper.application; includeInIndex = 0; path = NasaApod.app; sourceTree = BUILT_PRODUCTS_DIR; };
		4B8829AE1DCE284300950887 /* AppDelegate.swift */ = {isa = PBXFileReference; lastKnownFileType = sourcecode.swift; path = AppDelegate.swift; sourceTree = "<group>"; };
		4B8829B01DCE284300950887 /* ViewController.swift */ = {isa = PBXFileReference; lastKnownFileType = sourcecode.swift; path = ViewController.swift; sourceTree = "<group>"; };
		4B8829B31DCE284300950887 /* Base */ = {isa = PBXFileReference; lastKnownFileType = file.storyboard; name = Base; path = Base.lproj/Main.storyboard; sourceTree = "<group>"; };
		4B8829B51DCE284300950887 /* Assets.xcassets */ = {isa = PBXFileReference; lastKnownFileType = folder.assetcatalog; path = Assets.xcassets; sourceTree = "<group>"; };
		4B8829B81DCE284300950887 /* Base */ = {isa = PBXFileReference; lastKnownFileType = file.storyboard; name = Base; path = Base.lproj/LaunchScreen.storyboard; sourceTree = "<group>"; };
		4B8829BA1DCE284300950887 /* Info.plist */ = {isa = PBXFileReference; lastKnownFileType = text.plist.xml; path = Info.plist; sourceTree = "<group>"; };
		4B8829C41DCE34D700950887 /* Apod.swift */ = {isa = PBXFileReference; fileEncoding = 4; lastKnownFileType = sourcecode.swift; path = Apod.swift; sourceTree = "<group>"; };
		4B8829C61DCE46A700950887 /* APIRequestManager.swift */ = {isa = PBXFileReference; fileEncoding = 4; lastKnownFileType = sourcecode.swift; path = APIRequestManager.swift; sourceTree = "<group>"; };
/* End PBXFileReference section */

/* Begin PBXFrameworksBuildPhase section */
		4B8829A81DCE284200950887 /* Frameworks */ = {
			isa = PBXFrameworksBuildPhase;
			buildActionMask = 2147483647;
			files = (
			);
			runOnlyForDeploymentPostprocessing = 0;
		};
/* End PBXFrameworksBuildPhase section */

/* Begin PBXGroup section */
		4B8829A21DCE284200950887 = {
			isa = PBXGroup;
			children = (
				4B8829AD1DCE284300950887 /* NasaApod */,
				4B8829AC1DCE284300950887 /* Products */,
			);
			sourceTree = "<group>";
		};
		4B8829AC1DCE284300950887 /* Products */ = {
			isa = PBXGroup;
			children = (
				4B8829AB1DCE284300950887 /* NasaApod.app */,
			);
			name = Products;
			sourceTree = "<group>";
		};
		4B8829AD1DCE284300950887 /* NasaApod */ = {
			isa = PBXGroup;
			children = (
				4B8829AE1DCE284300950887 /* AppDelegate.swift */,
				4B8829C41DCE34D700950887 /* Apod.swift */,
				4B8829C61DCE46A700950887 /* APIRequestManager.swift */,
				4B8829B01DCE284300950887 /* ViewController.swift */,
				4B8829B21DCE284300950887 /* Main.storyboard */,
				4B8829B51DCE284300950887 /* Assets.xcassets */,
				4B8829B71DCE284300950887 /* LaunchScreen.storyboard */,
				4B8829BA1DCE284300950887 /* Info.plist */,
			);
			path = NasaApod;
			sourceTree = "<group>";
		};
/* End PBXGroup section */

/* Begin PBXNativeTarget section */
		4B8829AA1DCE284200950887 /* NasaApod */ = {
			isa = PBXNativeTarget;
			buildConfigurationList = 4B8829BD1DCE284300950887 /* Build configuration list for PBXNativeTarget "NasaApod" */;
			buildPhases = (
				4B8829A71DCE284200950887 /* Sources */,
				4B8829A81DCE284200950887 /* Frameworks */,
				4B8829A91DCE284200950887 /* Resources */,
			);
			buildRules = (
			);
			dependencies = (
			);
			name = NasaApod;
			productName = NasaApod;
			productReference = 4B8829AB1DCE284300950887 /* NasaApod.app */;
			productType = "com.apple.product-type.application";
		};
/* End PBXNativeTarget section */

/* Begin PBXProject section */
		4B8829A31DCE284200950887 /* Project object */ = {
			isa = PBXProject;
			attributes = {
				LastSwiftUpdateCheck = 0800;
				LastUpgradeCheck = 0800;
				ORGANIZATIONNAME = "Sabrina Ip";
				TargetAttributes = {
					4B8829AA1DCE284200950887 = {
						CreatedOnToolsVersion = 8.0;
						ProvisioningStyle = Automatic;
					};
				};
			};
			buildConfigurationList = 4B8829A61DCE284200950887 /* Build configuration list for PBXProject "NasaApod" */;
			compatibilityVersion = "Xcode 3.2";
			developmentRegion = English;
			hasScannedForEncodings = 0;
			knownRegions = (
				en,
				Base,
			);
			mainGroup = 4B8829A21DCE284200950887;
			productRefGroup = 4B8829AC1DCE284300950887 /* Products */;
			projectDirPath = "";
			projectRoot = "";
			targets = (
				4B8829AA1DCE284200950887 /* NasaApod */,
			);
		};
/* End PBXProject section */

/* Begin PBXResourcesBuildPhase section */
		4B8829A91DCE284200950887 /* Resources */ = {
			isa = PBXResourcesBuildPhase;
			buildActionMask = 2147483647;
			files = (
				4B8829B91DCE284300950887 /* LaunchScreen.storyboard in Resources */,
				4B8829B61DCE284300950887 /* Assets.xcassets in Resources */,
				4B8829B41DCE284300950887 /* Main.storyboard in Resources */,
			);
			runOnlyForDeploymentPostprocessing = 0;
		};
/* End PBXResourcesBuildPhase section */

/* Begin PBXSourcesBuildPhase section */
		4B8829A71DCE284200950887 /* Sources */ = {
			isa = PBXSourcesBuildPhase;
			buildActionMask = 2147483647;
			files = (
				4B8829C71DCE46A700950887 /* APIRequestManager.swift in Sources */,
				4B8829C51DCE34D700950887 /* Apod.swift in Sources */,
				4B8829B11DCE284300950887 /* ViewController.swift in Sources */,
				4B8829AF1DCE284300950887 /* AppDelegate.swift in Sources */,
			);
			runOnlyForDeploymentPostprocessing = 0;
		};
/* End PBXSourcesBuildPhase section */

/* Begin PBXVariantGroup section */
		4B8829B21DCE284300950887 /* Main.storyboard */ = {
			isa = PBXVariantGroup;
			children = (
				4B8829B31DCE284300950887 /* Base */,
			);
			name = Main.storyboard;
			sourceTree = "<group>";
		};
		4B8829B71DCE284300950887 /* LaunchScreen.storyboard */ = {
			isa = PBXVariantGroup;
			children = (
				4B8829B81DCE284300950887 /* Base */,
			);
			name = LaunchScreen.storyboard;
			sourceTree = "<group>";
		};
/* End PBXVariantGroup section */

/* Begin XCBuildConfiguration section */
		4B8829BB1DCE284300950887 /* Debug */ = {
			isa = XCBuildConfiguration;
			buildSettings = {
				ALWAYS_SEARCH_USER_PATHS = NO;
				CLANG_ANALYZER_NONNULL = YES;
				CLANG_CXX_LANGUAGE_STANDARD = "gnu++0x";
				CLANG_CXX_LIBRARY = "libc++";
				CLANG_ENABLE_MODULES = YES;
				CLANG_ENABLE_OBJC_ARC = YES;
				CLANG_WARN_BOOL_CONVERSION = YES;
				CLANG_WARN_CONSTANT_CONVERSION = YES;
				CLANG_WARN_DIRECT_OBJC_ISA_USAGE = YES_ERROR;
				CLANG_WARN_DOCUMENTATION_COMMENTS = YES;
				CLANG_WARN_EMPTY_BODY = YES;
				CLANG_WARN_ENUM_CONVERSION = YES;
				CLANG_WARN_INFINITE_RECURSION = YES;
				CLANG_WARN_INT_CONVERSION = YES;
				CLANG_WARN_OBJC_ROOT_CLASS = YES_ERROR;
				CLANG_WARN_SUSPICIOUS_MOVES = YES;
				CLANG_WARN_UNREACHABLE_CODE = YES;
				CLANG_WARN__DUPLICATE_METHOD_MATCH = YES;
				"CODE_SIGN_IDENTITY[sdk=iphoneos*]" = "iPhone Developer";
				COPY_PHASE_STRIP = NO;
				DEBUG_INFORMATION_FORMAT = dwarf;
				ENABLE_STRICT_OBJC_MSGSEND = YES;
				ENABLE_TESTABILITY = YES;
				GCC_C_LANGUAGE_STANDARD = gnu99;
				GCC_DYNAMIC_NO_PIC = NO;
				GCC_NO_COMMON_BLOCKS = YES;
				GCC_OPTIMIZATION_LEVEL = 0;
				GCC_PREPROCESSOR_DEFINITIONS = (
					"DEBUG=1",
					"$(inherited)",
				);
				GCC_WARN_64_TO_32_BIT_CONVERSION = YES;
				GCC_WARN_ABOUT_RETURN_TYPE = YES_ERROR;
				GCC_WARN_UNDECLARED_SELECTOR = YES;
				GCC_WARN_UNINITIALIZED_AUTOS = YES_AGGRESSIVE;
				GCC_WARN_UNUSED_FUNCTION = YES;
				GCC_WARN_UNUSED_VARIABLE = YES;
				IPHONEOS_DEPLOYMENT_TARGET = 10.0;
				MTL_ENABLE_DEBUG_INFO = YES;
				ONLY_ACTIVE_ARCH = YES;
				SDKROOT = iphoneos;
				SWIFT_ACTIVE_COMPILATION_CONDITIONS = DEBUG;
				SWIFT_OPTIMIZATION_LEVEL = "-Onone";
				TARGETED_DEVICE_FAMILY = "1,2";
			};
			name = Debug;
		};
		4B8829BC1DCE284300950887 /* Release */ = {
			isa = XCBuildConfiguration;
			buildSettings = {
				ALWAYS_SEARCH_USER_PATHS = NO;
				CLANG_ANALYZER_NONNULL = YES;
				CLANG_CXX_LANGUAGE_STANDARD = "gnu++0x";
				CLANG_CXX_LIBRARY = "libc++";
				CLANG_ENABLE_MODULES = YES;
				CLANG_ENABLE_OBJC_ARC = YES;
				CLANG_WARN_BOOL_CONVERSION = YES;
				CLANG_WARN_CONSTANT_CONVERSION = YES;
				CLANG_WARN_DIRECT_OBJC_ISA_USAGE = YES_ERROR;
				CLANG_WARN_DOCUMENTATION_COMMENTS = YES;
				CLANG_WARN_EMPTY_BODY = YES;
				CLANG_WARN_ENUM_CONVERSION = YES;
				CLANG_WARN_INFINITE_RECURSION = YES;
				CLANG_WARN_INT_CONVERSION = YES;
				CLANG_WARN_OBJC_ROOT_CLASS = YES_ERROR;
				CLANG_WARN_SUSPICIOUS_MOVES = YES;
				CLANG_WARN_UNREACHABLE_CODE = YES;
				CLANG_WARN__DUPLICATE_METHOD_MATCH = YES;
				"CODE_SIGN_IDENTITY[sdk=iphoneos*]" = "iPhone Developer";
				COPY_PHASE_STRIP = NO;
				DEBUG_INFORMATION_FORMAT = "dwarf-with-dsym";
				ENABLE_NS_ASSERTIONS = NO;
				ENABLE_STRICT_OBJC_MSGSEND = YES;
				GCC_C_LANGUAGE_STANDARD = gnu99;
				GCC_NO_COMMON_BLOCKS = YES;
				GCC_WARN_64_TO_32_BIT_CONVERSION = YES;
				GCC_WARN_ABOUT_RETURN_TYPE = YES_ERROR;
				GCC_WARN_UNDECLARED_SELECTOR = YES;
				GCC_WARN_UNINITIALIZED_AUTOS = YES_AGGRESSIVE;
				GCC_WARN_UNUSED_FUNCTION = YES;
				GCC_WARN_UNUSED_VARIABLE = YES;
				IPHONEOS_DEPLOYMENT_TARGET = 10.0;
				MTL_ENABLE_DEBUG_INFO = NO;
				SDKROOT = iphoneos;
				SWIFT_OPTIMIZATION_LEVEL = "-Owholemodule";
				TARGETED_DEVICE_FAMILY = "1,2";
				VALIDATE_PRODUCT = YES;
			};
			name = Release;
		};
		4B8829BE1DCE284300950887 /* Debug */ = {
			isa = XCBuildConfiguration;
			buildSettings = {
				ASSETCATALOG_COMPILER_APPICON_NAME = AppIcon;
				INFOPLIST_FILE = NasaApod/Info.plist;
				LD_RUNPATH_SEARCH_PATHS = "$(inherited) @executable_path/Frameworks";
				PRODUCT_BUNDLE_IDENTIFIER = C4Q.NasaApod;
				PRODUCT_NAME = "$(TARGET_NAME)";
				SWIFT_VERSION = 3.0;
			};
			name = Debug;
		};
		4B8829BF1DCE284300950887 /* Release */ = {
			isa = XCBuildConfiguration;
			buildSettings = {
				ASSETCATALOG_COMPILER_APPICON_NAME = AppIcon;
				INFOPLIST_FILE = NasaApod/Info.plist;
				LD_RUNPATH_SEARCH_PATHS = "$(inherited) @executable_path/Frameworks";
				PRODUCT_BUNDLE_IDENTIFIER = C4Q.NasaApod;
				PRODUCT_NAME = "$(TARGET_NAME)";
				SWIFT_VERSION = 3.0;
			};
			name = Release;
		};
/* End XCBuildConfiguration section */

/* Begin XCConfigurationList section */
		4B8829A61DCE284200950887 /* Build configuration list for PBXProject "NasaApod" */ = {
			isa = XCConfigurationList;
			buildConfigurations = (
				4B8829BB1DCE284300950887 /* Debug */,
				4B8829BC1DCE284300950887 /* Release */,
			);
			defaultConfigurationIsVisible = 0;
			defaultConfigurationName = Release;
		};
		4B8829BD1DCE284300950887 /* Build configuration list for PBXNativeTarget "NasaApod" */ = {
			isa = XCConfigurationList;
			buildConfigurations = (
				4B8829BE1DCE284300950887 /* Debug */,
				4B8829BF1DCE284300950887 /* Release */,
			);
			defaultConfigurationIsVisible = 0;
		};
/* End XCConfigurationList section */
	};
	rootObject = 4B8829A31DCE284200950887 /* Project object */;
}
