// !$*UTF8*$!
{
	archiveVersion = 1;
	classes = {
	};
	objectVersion = 46;
	objects = {

/* Begin PBXBuildFile section */
		1E1F9BC01DD0425300B67ACB /* AppDelegate.swift in Sources */ = {isa = PBXBuildFile; fileRef = 1E1F9BBF1DD0425300B67ACB /* AppDelegate.swift */; };
		1E1F9BC21DD0425300B67ACB /* ViewController.swift in Sources */ = {isa = PBXBuildFile; fileRef = 1E1F9BC11DD0425300B67ACB /* ViewController.swift */; };
		1E1F9BC51DD0425300B67ACB /* Main.storyboard in Resources */ = {isa = PBXBuildFile; fileRef = 1E1F9BC31DD0425300B67ACB /* Main.storyboard */; };
		1E1F9BC71DD0425300B67ACB /* Assets.xcassets in Resources */ = {isa = PBXBuildFile; fileRef = 1E1F9BC61DD0425300B67ACB /* Assets.xcassets */; };
		1E1F9BCA1DD0425300B67ACB /* LaunchScreen.storyboard in Resources */ = {isa = PBXBuildFile; fileRef = 1E1F9BC81DD0425300B67ACB /* LaunchScreen.storyboard */; };
		1E1F9BD21DD0431800B67ACB /* APIManager.swift in Sources */ = {isa = PBXBuildFile; fileRef = 1E1F9BD11DD0431800B67ACB /* APIManager.swift */; };
		1E1F9BD41DD043C900B67ACB /* APOD.swift in Sources */ = {isa = PBXBuildFile; fileRef = 1E1F9BD31DD043C900B67ACB /* APOD.swift */; };
/* End PBXBuildFile section */

/* Begin PBXFileReference section */
		1E1F9BBC1DD0425200B67ACB /* APOD.app */ = {isa = PBXFileReference; explicitFileType = wrapper.application; includeInIndex = 0; path = APOD.app; sourceTree = BUILT_PRODUCTS_DIR; };
		1E1F9BBF1DD0425300B67ACB /* AppDelegate.swift */ = {isa = PBXFileReference; lastKnownFileType = sourcecode.swift; path = AppDelegate.swift; sourceTree = "<group>"; };
		1E1F9BC11DD0425300B67ACB /* ViewController.swift */ = {isa = PBXFileReference; lastKnownFileType = sourcecode.swift; path = ViewController.swift; sourceTree = "<group>"; };
		1E1F9BC41DD0425300B67ACB /* Base */ = {isa = PBXFileReference; lastKnownFileType = file.storyboard; name = Base; path = Base.lproj/Main.storyboard; sourceTree = "<group>"; };
		1E1F9BC61DD0425300B67ACB /* Assets.xcassets */ = {isa = PBXFileReference; lastKnownFileType = folder.assetcatalog; path = Assets.xcassets; sourceTree = "<group>"; };
		1E1F9BC91DD0425300B67ACB /* Base */ = {isa = PBXFileReference; lastKnownFileType = file.storyboard; name = Base; path = Base.lproj/LaunchScreen.storyboard; sourceTree = "<group>"; };
		1E1F9BCB1DD0425300B67ACB /* Info.plist */ = {isa = PBXFileReference; lastKnownFileType = text.plist.xml; path = Info.plist; sourceTree = "<group>"; };
		1E1F9BD11DD0431800B67ACB /* APIManager.swift */ = {isa = PBXFileReference; fileEncoding = 4; lastKnownFileType = sourcecode.swift; path = APIManager.swift; sourceTree = "<group>"; };
		1E1F9BD31DD043C900B67ACB /* APOD.swift */ = {isa = PBXFileReference; fileEncoding = 4; lastKnownFileType = sourcecode.swift; path = APOD.swift; sourceTree = "<group>"; };
/* End PBXFileReference section */

/* Begin PBXFrameworksBuildPhase section */
		1E1F9BB91DD0425200B67ACB /* Frameworks */ = {
			isa = PBXFrameworksBuildPhase;
			buildActionMask = 2147483647;
			files = (
			);
			runOnlyForDeploymentPostprocessing = 0;
		};
/* End PBXFrameworksBuildPhase section */

/* Begin PBXGroup section */
		1E1F9BB31DD0425200B67ACB = {
			isa = PBXGroup;
			children = (
				1E1F9BBE1DD0425300B67ACB /* APOD */,
				1E1F9BBD1DD0425200B67ACB /* Products */,
			);
			sourceTree = "<group>";
		};
		1E1F9BBD1DD0425200B67ACB /* Products */ = {
			isa = PBXGroup;
			children = (
				1E1F9BBC1DD0425200B67ACB /* APOD.app */,
			);
			name = Products;
			sourceTree = "<group>";
		};
		1E1F9BBE1DD0425300B67ACB /* APOD */ = {
			isa = PBXGroup;
			children = (
				1E1F9BD11DD0431800B67ACB /* APIManager.swift */,
				1E1F9BD31DD043C900B67ACB /* APOD.swift */,
				1E1F9BBF1DD0425300B67ACB /* AppDelegate.swift */,
				1E1F9BC11DD0425300B67ACB /* ViewController.swift */,
				1E1F9BC31DD0425300B67ACB /* Main.storyboard */,
				1E1F9BC61DD0425300B67ACB /* Assets.xcassets */,
				1E1F9BC81DD0425300B67ACB /* LaunchScreen.storyboard */,
				1E1F9BCB1DD0425300B67ACB /* Info.plist */,
			);
			path = APOD;
			sourceTree = "<group>";
		};
/* End PBXGroup section */

/* Begin PBXNativeTarget section */
		1E1F9BBB1DD0425200B67ACB /* APOD */ = {
			isa = PBXNativeTarget;
			buildConfigurationList = 1E1F9BCE1DD0425300B67ACB /* Build configuration list for PBXNativeTarget "APOD" */;
			buildPhases = (
				1E1F9BB81DD0425200B67ACB /* Sources */,
				1E1F9BB91DD0425200B67ACB /* Frameworks */,
				1E1F9BBA1DD0425200B67ACB /* Resources */,
			);
			buildRules = (
			);
			dependencies = (
			);
			name = APOD;
			productName = APOD;
			productReference = 1E1F9BBC1DD0425200B67ACB /* APOD.app */;
			productType = "com.apple.product-type.application";
		};
/* End PBXNativeTarget section */

/* Begin PBXProject section */
		1E1F9BB41DD0425200B67ACB /* Project object */ = {
			isa = PBXProject;
			attributes = {
				LastSwiftUpdateCheck = 0810;
				LastUpgradeCheck = 0810;
				ORGANIZATIONNAME = C4Q;
				TargetAttributes = {
					1E1F9BBB1DD0425200B67ACB = {
						CreatedOnToolsVersion = 8.1;
						DevelopmentTeam = 86V7S8PKFT;
						ProvisioningStyle = Automatic;
					};
				};
			};
			buildConfigurationList = 1E1F9BB71DD0425200B67ACB /* Build configuration list for PBXProject "APOD" */;
			compatibilityVersion = "Xcode 3.2";
			developmentRegion = English;
			hasScannedForEncodings = 0;
			knownRegions = (
				en,
				Base,
			);
			mainGroup = 1E1F9BB31DD0425200B67ACB;
			productRefGroup = 1E1F9BBD1DD0425200B67ACB /* Products */;
			projectDirPath = "";
			projectRoot = "";
			targets = (
				1E1F9BBB1DD0425200B67ACB /* APOD */,
			);
		};
/* End PBXProject section */

/* Begin PBXResourcesBuildPhase section */
		1E1F9BBA1DD0425200B67ACB /* Resources */ = {
			isa = PBXResourcesBuildPhase;
			buildActionMask = 2147483647;
			files = (
				1E1F9BCA1DD0425300B67ACB /* LaunchScreen.storyboard in Resources */,
				1E1F9BC71DD0425300B67ACB /* Assets.xcassets in Resources */,
				1E1F9BC51DD0425300B67ACB /* Main.storyboard in Resources */,
			);
			runOnlyForDeploymentPostprocessing = 0;
		};
/* End PBXResourcesBuildPhase section */

/* Begin PBXSourcesBuildPhase section */
		1E1F9BB81DD0425200B67ACB /* Sources */ = {
			isa = PBXSourcesBuildPhase;
			buildActionMask = 2147483647;
			files = (
				1E1F9BD21DD0431800B67ACB /* APIManager.swift in Sources */,
				1E1F9BD41DD043C900B67ACB /* APOD.swift in Sources */,
				1E1F9BC21DD0425300B67ACB /* ViewController.swift in Sources */,
				1E1F9BC01DD0425300B67ACB /* AppDelegate.swift in Sources */,
			);
			runOnlyForDeploymentPostprocessing = 0;
		};
/* End PBXSourcesBuildPhase section */

/* Begin PBXVariantGroup section */
		1E1F9BC31DD0425300B67ACB /* Main.storyboard */ = {
			isa = PBXVariantGroup;
			children = (
				1E1F9BC41DD0425300B67ACB /* Base */,
			);
			name = Main.storyboard;
			sourceTree = "<group>";
		};
		1E1F9BC81DD0425300B67ACB /* LaunchScreen.storyboard */ = {
			isa = PBXVariantGroup;
			children = (
				1E1F9BC91DD0425300B67ACB /* Base */,
			);
			name = LaunchScreen.storyboard;
			sourceTree = "<group>";
		};
/* End PBXVariantGroup section */

/* Begin XCBuildConfiguration section */
		1E1F9BCC1DD0425300B67ACB /* Debug */ = {
			isa = XCBuildConfiguration;
			buildSettings = {
				ALWAYS_SEARCH_USER_PATHS = NO;
				CLANG_ANALYZER_NONNULL = YES;
				CLANG_CXX_LANGUAGE_STANDARD = "gnu++0x";
				CLANG_CXX_LIBRARY = "libc++";
				CLANG_ENABLE_MODULES = YES;
				CLANG_ENABLE_OBJC_ARC = YES;
				CLANG_WARN_BOOL_CONVERSION = YES;
				CLANG_WARN_CONSTANT_CONVERSION = YES;
				CLANG_WARN_DIRECT_OBJC_ISA_USAGE = YES_ERROR;
				CLANG_WARN_DOCUMENTATION_COMMENTS = YES;
				CLANG_WARN_EMPTY_BODY = YES;
				CLANG_WARN_ENUM_CONVERSION = YES;
				CLANG_WARN_INFINITE_RECURSION = YES;
				CLANG_WARN_INT_CONVERSION = YES;
				CLANG_WARN_OBJC_ROOT_CLASS = YES_ERROR;
				CLANG_WARN_SUSPICIOUS_MOVES = YES;
				CLANG_WARN_UNREACHABLE_CODE = YES;
				CLANG_WARN__DUPLICATE_METHOD_MATCH = YES;
				"CODE_SIGN_IDENTITY[sdk=iphoneos*]" = "iPhone Developer";
				COPY_PHASE_STRIP = NO;
				DEBUG_INFORMATION_FORMAT = dwarf;
				ENABLE_STRICT_OBJC_MSGSEND = YES;
				ENABLE_TESTABILITY = YES;
				GCC_C_LANGUAGE_STANDARD = gnu99;
				GCC_DYNAMIC_NO_PIC = NO;
				GCC_NO_COMMON_BLOCKS = YES;
				GCC_OPTIMIZATION_LEVEL = 0;
				GCC_PREPROCESSOR_DEFINITIONS = (
					"DEBUG=1",
					"$(inherited)",
				);
				GCC_WARN_64_TO_32_BIT_CONVERSION = YES;
				GCC_WARN_ABOUT_RETURN_TYPE = YES_ERROR;
				GCC_WARN_UNDECLARED_SELECTOR = YES;
				GCC_WARN_UNINITIALIZED_AUTOS = YES_AGGRESSIVE;
				GCC_WARN_UNUSED_FUNCTION = YES;
				GCC_WARN_UNUSED_VARIABLE = YES;
				IPHONEOS_DEPLOYMENT_TARGET = 10.1;
				MTL_ENABLE_DEBUG_INFO = YES;
				ONLY_ACTIVE_ARCH = YES;
				SDKROOT = iphoneos;
				SWIFT_ACTIVE_COMPILATION_CONDITIONS = DEBUG;
				SWIFT_OPTIMIZATION_LEVEL = "-Onone";
				TARGETED_DEVICE_FAMILY = "1,2";
			};
			name = Debug;
		};
		1E1F9BCD1DD0425300B67ACB /* Release */ = {
			isa = XCBuildConfiguration;
			buildSettings = {
				ALWAYS_SEARCH_USER_PATHS = NO;
				CLANG_ANALYZER_NONNULL = YES;
				CLANG_CXX_LANGUAGE_STANDARD = "gnu++0x";
				CLANG_CXX_LIBRARY = "libc++";
				CLANG_ENABLE_MODULES = YES;
				CLANG_ENABLE_OBJC_ARC = YES;
				CLANG_WARN_BOOL_CONVERSION = YES;
				CLANG_WARN_CONSTANT_CONVERSION = YES;
				CLANG_WARN_DIRECT_OBJC_ISA_USAGE = YES_ERROR;
				CLANG_WARN_DOCUMENTATION_COMMENTS = YES;
				CLANG_WARN_EMPTY_BODY = YES;
				CLANG_WARN_ENUM_CONVERSION = YES;
				CLANG_WARN_INFINITE_RECURSION = YES;
				CLANG_WARN_INT_CONVERSION = YES;
				CLANG_WARN_OBJC_ROOT_CLASS = YES_ERROR;
				CLANG_WARN_SUSPICIOUS_MOVES = YES;
				CLANG_WARN_UNREACHABLE_CODE = YES;
				CLANG_WARN__DUPLICATE_METHOD_MATCH = YES;
				"CODE_SIGN_IDENTITY[sdk=iphoneos*]" = "iPhone Developer";
				COPY_PHASE_STRIP = NO;
				DEBUG_INFORMATION_FORMAT = "dwarf-with-dsym";
				ENABLE_NS_ASSERTIONS = NO;
				ENABLE_STRICT_OBJC_MSGSEND = YES;
				GCC_C_LANGUAGE_STANDARD = gnu99;
				GCC_NO_COMMON_BLOCKS = YES;
				GCC_WARN_64_TO_32_BIT_CONVERSION = YES;
				GCC_WARN_ABOUT_RETURN_TYPE = YES_ERROR;
				GCC_WARN_UNDECLARED_SELECTOR = YES;
				GCC_WARN_UNINITIALIZED_AUTOS = YES_AGGRESSIVE;
				GCC_WARN_UNUSED_FUNCTION = YES;
				GCC_WARN_UNUSED_VARIABLE = YES;
				IPHONEOS_DEPLOYMENT_TARGET = 10.1;
				MTL_ENABLE_DEBUG_INFO = NO;
				SDKROOT = iphoneos;
				SWIFT_OPTIMIZATION_LEVEL = "-Owholemodule";
				TARGETED_DEVICE_FAMILY = "1,2";
				VALIDATE_PRODUCT = YES;
			};
			name = Release;
		};
		1E1F9BCF1DD0425300B67ACB /* Debug */ = {
			isa = XCBuildConfiguration;
			buildSettings = {
				ASSETCATALOG_COMPILER_APPICON_NAME = AppIcon;
				DEVELOPMENT_TEAM = 86V7S8PKFT;
				INFOPLIST_FILE = APOD/Info.plist;
				LD_RUNPATH_SEARCH_PATHS = "$(inherited) @executable_path/Frameworks";
				PRODUCT_BUNDLE_IDENTIFIER = nyc.c4q.APOD;
				PRODUCT_NAME = "$(TARGET_NAME)";
				SWIFT_VERSION = 3.0;
			};
			name = Debug;
		};
		1E1F9BD01DD0425300B67ACB /* Release */ = {
			isa = XCBuildConfiguration;
			buildSettings = {
				ASSETCATALOG_COMPILER_APPICON_NAME = AppIcon;
				DEVELOPMENT_TEAM = 86V7S8PKFT;
				INFOPLIST_FILE = APOD/Info.plist;
				LD_RUNPATH_SEARCH_PATHS = "$(inherited) @executable_path/Frameworks";
				PRODUCT_BUNDLE_IDENTIFIER = nyc.c4q.APOD;
				PRODUCT_NAME = "$(TARGET_NAME)";
				SWIFT_VERSION = 3.0;
			};
			name = Release;
		};
/* End XCBuildConfiguration section */

/* Begin XCConfigurationList section */
		1E1F9BB71DD0425200B67ACB /* Build configuration list for PBXProject "APOD" */ = {
			isa = XCConfigurationList;
			buildConfigurations = (
				1E1F9BCC1DD0425300B67ACB /* Debug */,
				1E1F9BCD1DD0425300B67ACB /* Release */,
			);
			defaultConfigurationIsVisible = 0;
			defaultConfigurationName = Release;
		};
		1E1F9BCE1DD0425300B67ACB /* Build configuration list for PBXNativeTarget "APOD" */ = {
			isa = XCConfigurationList;
			buildConfigurations = (
				1E1F9BCF1DD0425300B67ACB /* Debug */,
				1E1F9BD01DD0425300B67ACB /* Release */,
			);
			defaultConfigurationIsVisible = 0;
		};
/* End XCConfigurationList section */
	};
	rootObject = 1E1F9BB41DD0425200B67ACB /* Project object */;
}
